
Microsoft Visual Studio Solution File, Format Version 12.00
# Visual Studio Version 17
VisualStudioVersion = 17.0.31903.59
MinimumVisualStudioVersion = 10.0.40219.1
Project("{2150E333-8FDC-42A3-9474-1A3956D46DE8}") = "Libraries", "Libraries", "{F2E35B3E-9711-EDEC-6202-DB40BDEED14A}"
EndProject
Project("{9A19103F-16F7-4668-BE54-9A1E7A4F7556}") = "LinkQ.Domain", "Libraries\LinkQ.Domain\LinkQ.Domain.csproj", "{B0467B44-B01A-4535-808A-1E595C2DC040}"
EndProject
Project("{9A19103F-16F7-4668-BE54-9A1E7A4F7556}") = "LinkQ.Services", "Libraries\LinkQ.Services\LinkQ.Services.csproj", "{D7B58774-127B-4C07-9507-A6C505F8892D}"
EndProject
Project("{2150E333-8FDC-42A3-9474-1A3956D46DE8}") = "Presentation", "Presentation", "{06CFFD70-14AA-A959-A3BA-1B15D094E3B1}"
EndProject
Project("{2150E333-8FDC-42A3-9474-1A3956D46DE8}") = "Modules", "Modules", "{104BC5D6-9A4F-4A5D-BA66-05B006E93C15}"
EndProject
Project("{9A19103F-16F7-4668-BE54-9A1E7A4F7556}") = "LinkQ.Api", "Presentation\LinkQ.Api\LinkQ.Api.csproj", "{3538D54E-1E94-4B28-AD7B-085D9CD5DCF5}"
EndProject
Global
	GlobalSection(SolutionConfigurationPlatforms) = preSolution
		Debug|Any CPU = Debug|Any CPU
		Debug|x64 = Debug|x64
		Debug|x86 = Debug|x86
		Release|Any CPU = Release|Any CPU
		Release|x64 = Release|x64
		Release|x86 = Release|x86
	EndGlobalSection
	GlobalSection(ProjectConfigurationPlatforms) = postSolution
		{B0467B44-B01A-4535-808A-1E595C2DC040}.Debug|Any CPU.ActiveCfg = Debug|Any CPU
		{B0467B44-B01A-4535-808A-1E595C2DC040}.Debug|Any CPU.Build.0 = Debug|Any CPU
		{B0467B44-B01A-4535-808A-1E595C2DC040}.Debug|x64.ActiveCfg = Debug|Any CPU
		{B0467B44-B01A-4535-808A-1E595C2DC040}.Debug|x64.Build.0 = Debug|Any CPU
		{B0467B44-B01A-4535-808A-1E595C2DC040}.Debug|x86.ActiveCfg = Debug|Any CPU
		{B0467B44-B01A-4535-808A-1E595C2DC040}.Debug|x86.Build.0 = Debug|Any CPU
		{B0467B44-B01A-4535-808A-1E595C2DC040}.Release|Any CPU.ActiveCfg = Release|Any CPU
		{B0467B44-B01A-4535-808A-1E595C2DC040}.Release|Any CPU.Build.0 = Release|Any CPU
		{B0467B44-B01A-4535-808A-1E595C2DC040}.Release|x64.ActiveCfg = Release|Any CPU
		{B0467B44-B01A-4535-808A-1E595C2DC040}.Release|x64.Build.0 = Release|Any CPU
		{B0467B44-B01A-4535-808A-1E595C2DC040}.Release|x86.ActiveCfg = Release|Any CPU
		{B0467B44-B01A-4535-808A-1E595C2DC040}.Release|x86.Build.0 = Release|Any CPU
		{D7B58774-127B-4C07-9507-A6C505F8892D}.Debug|Any CPU.ActiveCfg = Debug|Any CPU
		{D7B58774-127B-4C07-9507-A6C505F8892D}.Debug|Any CPU.Build.0 = Debug|Any CPU
		{D7B58774-127B-4C07-9507-A6C505F8892D}.Debug|x64.ActiveCfg = Debug|Any CPU
		{D7B58774-127B-4C07-9507-A6C505F8892D}.Debug|x64.Build.0 = Debug|Any CPU
		{D7B58774-127B-4C07-9507-A6C505F8892D}.Debug|x86.ActiveCfg = Debug|Any CPU
		{D7B58774-127B-4C07-9507-A6C505F8892D}.Debug|x86.Build.0 = Debug|Any CPU
		{D7B58774-127B-4C07-9507-A6C505F8892D}.Release|Any CPU.ActiveCfg = Release|Any CPU
		{D7B58774-127B-4C07-9507-A6C505F8892D}.Release|Any CPU.Build.0 = Release|Any CPU
		{D7B58774-127B-4C07-9507-A6C505F8892D}.Release|x64.ActiveCfg = Release|Any CPU
		{D7B58774-127B-4C07-9507-A6C505F8892D}.Release|x64.Build.0 = Release|Any CPU
		{D7B58774-127B-4C07-9507-A6C505F8892D}.Release|x86.ActiveCfg = Release|Any CPU
		{D7B58774-127B-4C07-9507-A6C505F8892D}.Release|x86.Build.0 = Release|Any CPU
		{3538D54E-1E94-4B28-AD7B-085D9CD5DCF5}.Debug|Any CPU.ActiveCfg = Debug|Any CPU
		{3538D54E-1E94-4B28-AD7B-085D9CD5DCF5}.Debug|Any CPU.Build.0 = Debug|Any CPU
		{3538D54E-1E94-4B28-AD7B-085D9CD5DCF5}.Debug|x64.ActiveCfg = Debug|Any CPU
		{3538D54E-1E94-4B28-AD7B-085D9CD5DCF5}.Debug|x64.Build.0 = Debug|Any CPU
		{3538D54E-1E94-4B28-AD7B-085D9CD5DCF5}.Debug|x86.ActiveCfg = Debug|Any CPU
		{3538D54E-1E94-4B28-AD7B-085D9CD5DCF5}.Debug|x86.Build.0 = Debug|Any CPU
		{3538D54E-1E94-4B28-AD7B-085D9CD5DCF5}.Release|Any CPU.ActiveCfg = Release|Any CPU
		{3538D54E-1E94-4B28-AD7B-085D9CD5DCF5}.Release|Any CPU.Build.0 = Release|Any CPU
		{3538D54E-1E94-4B28-AD7B-085D9CD5DCF5}.Release|x64.ActiveCfg = Release|Any CPU
		{3538D54E-1E94-4B28-AD7B-085D9CD5DCF5}.Release|x64.Build.0 = Release|Any CPU
		{3538D54E-1E94-4B28-AD7B-085D9CD5DCF5}.Release|x86.ActiveCfg = Release|Any CPU
		{3538D54E-1E94-4B28-AD7B-085D9CD5DCF5}.Release|x86.Build.0 = Release|Any CPU
	EndGlobalSection
	GlobalSection(SolutionProperties) = preSolution
		HideSolutionNode = FALSE
	EndGlobalSection
	GlobalSection(NestedProjects) = preSolution
		{B0467B44-B01A-4535-808A-1E595C2DC040} = {F2E35B3E-9711-EDEC-6202-DB40BDEED14A}
		{D7B58774-127B-4C07-9507-A6C505F8892D} = {F2E35B3E-9711-EDEC-6202-DB40BDEED14A}
		{3538D54E-1E94-4B28-AD7B-085D9CD5DCF5} = {06CFFD70-14AA-A959-A3BA-1B15D094E3B1}
	EndGlobalSection
	GlobalSection(ExtensibilityGlobals) = postSolution
		SolutionGuid = {4DA6B40F-5554-46BB-A7FE-3E4A2AFF93E9}
	EndGlobalSection
EndGlobal
